
Microsoft Visual Studio Solution File, Format Version 12.00
# Visual Studio Version 17
VisualStudioVersion = 17.0.32002.185
MinimumVisualStudioVersion = 10.0.40219.1
Project("{FAE04EC0-301F-11D3-BF4B-00C04F79EFBC}") = "643450322-0", "643450322-0\643450322-0.csproj", "{F084031F-9280-4CE1-9EF9-CDD07727B658}"
EndProject
Global
	GlobalSection(SolutionConfigurationPlatforms) = preSolution
		Debug|Any CPU = Debug|Any CPU
		Release|Any CPU = Release|Any CPU
	EndGlobalSection
	GlobalSection(ProjectConfigurationPlatforms) = postSolution
		{F084031F-9280-4CE1-9EF9-CDD07727B658}.Debug|Any CPU.ActiveCfg = Debug|Any CPU
		{F084031F-9280-4CE1-9EF9-CDD07727B658}.Debug|Any CPU.Build.0 = Debug|Any CPU
		{F084031F-9280-4CE1-9EF9-CDD07727B658}.Release|Any CPU.ActiveCfg = Release|Any CPU
		{F084031F-9280-4CE1-9EF9-CDD07727B658}.Release|Any CPU.Build.0 = Release|Any CPU
	EndGlobalSection
	GlobalSection(SolutionProperties) = preSolution
		HideSolutionNode = FALSE
	EndGlobalSection
	GlobalSection(ExtensibilityGlobals) = postSolution
		SolutionGuid = {7D60EEC7-829A-4016-8921-343ACB08E61C}
	EndGlobalSection
EndGlobal
